
Microsoft Visual Studio Solution File, Format Version 12.00
# Visual Studio 14
VisualStudioVersion = 14.0.22823.1
MinimumVisualStudioVersion = 10.0.40219.1
Project("{FAE04EC0-301F-11D3-BF4B-00C04F79EFBC}") = "MumsTheWord.Web", "MumsTheWord.Web\MumsTheWord.Web.csproj", "{430015AB-D5DA-4D5C-A243-064EDDE0ED63}"
EndProject
Project("{FAE04EC0-301F-11D3-BF4B-00C04F79EFBC}") = "MumsTheWord.Web.Tests", "MumsTheWord.Web.Tests\MumsTheWord.Web.Tests.csproj", "{579BD2A3-4533-4FF5-A596-36BE67895C0F}"
EndProject
Global
	GlobalSection(SolutionConfigurationPlatforms) = preSolution
		Debug|Any CPU = Debug|Any CPU
		Release|Any CPU = Release|Any CPU
	EndGlobalSection
	GlobalSection(ProjectConfigurationPlatforms) = postSolution
		{430015AB-D5DA-4D5C-A243-064EDDE0ED63}.Debug|Any CPU.ActiveCfg = Debug|Any CPU
		{430015AB-D5DA-4D5C-A243-064EDDE0ED63}.Debug|Any CPU.Build.0 = Debug|Any CPU
		{430015AB-D5DA-4D5C-A243-064EDDE0ED63}.Release|Any CPU.ActiveCfg = Release|Any CPU
		{430015AB-D5DA-4D5C-A243-064EDDE0ED63}.Release|Any CPU.Build.0 = Release|Any CPU
		{579BD2A3-4533-4FF5-A596-36BE67895C0F}.Debug|Any CPU.ActiveCfg = Debug|Any CPU
		{579BD2A3-4533-4FF5-A596-36BE67895C0F}.Debug|Any CPU.Build.0 = Debug|Any CPU
		{579BD2A3-4533-4FF5-A596-36BE67895C0F}.Release|Any CPU.ActiveCfg = Release|Any CPU
		{579BD2A3-4533-4FF5-A596-36BE67895C0F}.Release|Any CPU.Build.0 = Release|Any CPU
	EndGlobalSection
	GlobalSection(SolutionProperties) = preSolution
		HideSolutionNode = FALSE
	EndGlobalSection
EndGlobal
